
Microsoft Visual Studio Solution File, Format Version 12.00
# Visual Studio 15
VisualStudioVersion = 15.0.28307.421
MinimumVisualStudioVersion = 10.0.40219.1
Project("{FAE04EC0-301F-11D3-BF4B-00C04F79EFBC}") = "SignalRChat", "SignalRChat\SignalRChat.csproj", "{930EBB3A-3EC7-41B4-921E-1F306D2C0ADE}"
EndProject
Global
	GlobalSection(SolutionConfigurationPlatforms) = preSolution
		Debug|Any CPU = Debug|Any CPU
		Release|Any CPU = Release|Any CPU
	EndGlobalSection
	GlobalSection(ProjectConfigurationPlatforms) = postSolution
		{930EBB3A-3EC7-41B4-921E-1F306D2C0ADE}.Debug|Any CPU.ActiveCfg = Debug|Any CPU
		{930EBB3A-3EC7-41B4-921E-1F306D2C0ADE}.Debug|Any CPU.Build.0 = Debug|Any CPU
		{930EBB3A-3EC7-41B4-921E-1F306D2C0ADE}.Release|Any CPU.ActiveCfg = Release|Any CPU
		{930EBB3A-3EC7-41B4-921E-1F306D2C0ADE}.Release|Any CPU.Build.0 = Release|Any CPU
	EndGlobalSection
	GlobalSection(SolutionProperties) = preSolution
		HideSolutionNode = FALSE
	EndGlobalSection
	GlobalSection(ExtensibilityGlobals) = postSolution
		SolutionGuid = {D13D04B6-401C-4279-B1BB-92C8F194AEEF}
	EndGlobalSection
EndGlobal
